// !$*UTF8*$!
{
	archiveVersion = 1;
	classes = {
	};
	objectVersion = 46;
	objects = {

/* Begin PBXBuildFile section */
		1D8100D497A0CED36DFDA07E /* Pods_sadajura.framework in Frameworks */ = {isa = PBXBuildFile; fileRef = 2103C20965228A08006AA0AE /* Pods_sadajura.framework */; settings = {ATTRIBUTES = (Weak, ); }; };
		666336E61BAE3D9D00A2F559 /* AppDelegate.swift in Sources */ = {isa = PBXBuildFile; fileRef = 666336E51BAE3D9D00A2F559 /* AppDelegate.swift */; };
		666336E81BAE3D9D00A2F559 /* ViewController.swift in Sources */ = {isa = PBXBuildFile; fileRef = 666336E71BAE3D9D00A2F559 /* ViewController.swift */; };
		666336EB1BAE3D9D00A2F559 /* Main.storyboard in Resources */ = {isa = PBXBuildFile; fileRef = 666336E91BAE3D9D00A2F559 /* Main.storyboard */; };
		666336ED1BAE3D9D00A2F559 /* Assets.xcassets in Resources */ = {isa = PBXBuildFile; fileRef = 666336EC1BAE3D9D00A2F559 /* Assets.xcassets */; };
		666336F01BAE3D9D00A2F559 /* LaunchScreen.storyboard in Resources */ = {isa = PBXBuildFile; fileRef = 666336EE1BAE3D9D00A2F559 /* LaunchScreen.storyboard */; };
		666336FB1BAE3D9D00A2F559 /* sadajura2Tests.swift in Sources */ = {isa = PBXBuildFile; fileRef = 666336FA1BAE3D9D00A2F559 /* sadajura2Tests.swift */; };
		666337061BAE3D9D00A2F559 /* sadajura2UITests.swift in Sources */ = {isa = PBXBuildFile; fileRef = 666337051BAE3D9D00A2F559 /* sadajura2UITests.swift */; };
		666337A61BAE464200A2F559 /* ChatViewController.swift in Sources */ = {isa = PBXBuildFile; fileRef = 666337A51BAE464200A2F559 /* ChatViewController.swift */; settings = {ASSET_TAGS = (); }; };
		66A5555C1BAE589100F63501 /* AudioToolbox.framework in Frameworks */ = {isa = PBXBuildFile; fileRef = 66A5555B1BAE589100F63501 /* AudioToolbox.framework */; };
		66A555F61BAE691500F63501 /* Constants.swift in Sources */ = {isa = PBXBuildFile; fileRef = 66A555F51BAE691500F63501 /* Constants.swift */; settings = {ASSET_TAGS = (); }; };
		66A555F81BAE6F4B00F63501 /* Message.swift in Sources */ = {isa = PBXBuildFile; fileRef = 66A555F71BAE6F4B00F63501 /* Message.swift */; settings = {ASSET_TAGS = (); }; };
		66A555FA1BAE700B00F63501 /* User.swift in Sources */ = {isa = PBXBuildFile; fileRef = 66A555F91BAE700B00F63501 /* User.swift */; settings = {ASSET_TAGS = (); }; };
		66A555FC1BAE715F00F63501 /* MyLoginViewController.swift in Sources */ = {isa = PBXBuildFile; fileRef = 66A555FB1BAE715F00F63501 /* MyLoginViewController.swift */; settings = {ASSET_TAGS = (); }; };
		66A555FE1BAE718600F63501 /* MySignupViewController.swift in Sources */ = {isa = PBXBuildFile; fileRef = 66A555FD1BAE718600F63501 /* MySignupViewController.swift */; settings = {ASSET_TAGS = (); }; };
		66A556001BAE71E300F63501 /* UIVIewController+Navigation.swift in Sources */ = {isa = PBXBuildFile; fileRef = 66A555FF1BAE71E300F63501 /* UIVIewController+Navigation.swift */; settings = {ASSET_TAGS = (); }; };
		66B311A01BAE96730063B146 /* UIImage+Resize.swift in Sources */ = {isa = PBXBuildFile; fileRef = 66B3119F1BAE96730063B146 /* UIImage+Resize.swift */; settings = {ASSET_TAGS = (); }; };
		66B311A21BAE98000063B146 /* Flight.swift in Sources */ = {isa = PBXBuildFile; fileRef = 66B311A11BAE98000063B146 /* Flight.swift */; settings = {ASSET_TAGS = (); }; };
		66B311A41BAE9AB60063B146 /* Request.swift in Sources */ = {isa = PBXBuildFile; fileRef = 66B311A31BAE9AB60063B146 /* Request.swift */; settings = {ASSET_TAGS = (); }; };
		66B311A61BAEA6510063B146 /* InitialViewController.swift in Sources */ = {isa = PBXBuildFile; fileRef = 66B311A51BAEA6510063B146 /* InitialViewController.swift */; settings = {ASSET_TAGS = (); }; };
		66B311A81BAEA6ED0063B146 /* MyTabberViewController.swift in Sources */ = {isa = PBXBuildFile; fileRef = 66B311A71BAEA6ED0063B146 /* MyTabberViewController.swift */; settings = {ASSET_TAGS = (); }; };
		66B311AA1BAEAFDF0063B146 /* MyAlertView.swift in Sources */ = {isa = PBXBuildFile; fileRef = 66B311A91BAEAFDF0063B146 /* MyAlertView.swift */; settings = {ASSET_TAGS = (); }; };
		66B311AC1BAEB1360063B146 /* UIColor+Util.swift in Sources */ = {isa = PBXBuildFile; fileRef = 66B311AB1BAEB1360063B146 /* UIColor+Util.swift */; settings = {ASSET_TAGS = (); }; };
		D245C8301BAE752D0072867D /* ChatListViewController.swift in Sources */ = {isa = PBXBuildFile; fileRef = D245C82F1BAE752D0072867D /* ChatListViewController.swift */; settings = {ASSET_TAGS = (); }; };
		D245C8321BAE786D0072867D /* ChatListViewCell.swift in Sources */ = {isa = PBXBuildFile; fileRef = D245C8311BAE786D0072867D /* ChatListViewCell.swift */; settings = {ASSET_TAGS = (); }; };
		D245C8371BAE92AF0072867D /* chat.png in Resources */ = {isa = PBXBuildFile; fileRef = D245C8341BAE92AF0072867D /* chat.png */; settings = {ASSET_TAGS = (); }; };
		D245C8381BAE92AF0072867D /* plain.png in Resources */ = {isa = PBXBuildFile; fileRef = D245C8351BAE92AF0072867D /* plain.png */; settings = {ASSET_TAGS = (); }; };
		D245C8391BAE92AF0072867D /* profile.png in Resources */ = {isa = PBXBuildFile; fileRef = D245C8361BAE92AF0072867D /* profile.png */; settings = {ASSET_TAGS = (); }; };
		D245C83B1BAE93D20072867D /* FlightDetailViewController.swift in Sources */ = {isa = PBXBuildFile; fileRef = D245C83A1BAE93D20072867D /* FlightDetailViewController.swift */; settings = {ASSET_TAGS = (); }; };
		D245C83D1BAE95360072867D /* SubmitViewController.swift in Sources */ = {isa = PBXBuildFile; fileRef = D245C83C1BAE95360072867D /* SubmitViewController.swift */; settings = {ASSET_TAGS = (); }; };
		D245C83F1BAE95F80072867D /* ProfileViewController.swift in Sources */ = {isa = PBXBuildFile; fileRef = D245C83E1BAE95F80072867D /* ProfileViewController.swift */; settings = {ASSET_TAGS = (); }; };
		D245C8411BAE9BEC0072867D /* FlightDetailTableViewCell.swift in Sources */ = {isa = PBXBuildFile; fileRef = D245C8401BAE9BEC0072867D /* FlightDetailTableViewCell.swift */; settings = {ASSET_TAGS = (); }; };
		D245C8431BAEB6080072867D /* NSDateISO8601.swift in Sources */ = {isa = PBXBuildFile; fileRef = D245C8421BAEB6080072867D /* NSDateISO8601.swift */; settings = {ASSET_TAGS = (); }; };
		D245C8451BAECD280072867D /* to.png in Resources */ = {isa = PBXBuildFile; fileRef = D245C8441BAECD280072867D /* to.png */; settings = {ASSET_TAGS = (); }; };
		D28272B81BAE4131003269CE /* RegisterFlightViewController.swift in Sources */ = {isa = PBXBuildFile; fileRef = D28272B61BAE4131003269CE /* RegisterFlightViewController.swift */; settings = {ASSET_TAGS = (); }; };
		D28272BB1BAE5F19003269CE /* FriendTripViewController.swift in Sources */ = {isa = PBXBuildFile; fileRef = D28272BA1BAE5F19003269CE /* FriendTripViewController.swift */; settings = {ASSET_TAGS = (); }; };
		D28272BD1BAE6028003269CE /* FriendTripTableViewCell.swift in Sources */ = {isa = PBXBuildFile; fileRef = D28272BC1BAE6028003269CE /* FriendTripTableViewCell.swift */; settings = {ASSET_TAGS = (); }; };
/* End PBXBuildFile section */

/* Begin PBXContainerItemProxy section */
		666336F71BAE3D9D00A2F559 /* PBXContainerItemProxy */ = {
			isa = PBXContainerItemProxy;
			containerPortal = 666336DA1BAE3D9D00A2F559 /* Project object */;
			proxyType = 1;
			remoteGlobalIDString = 666336E11BAE3D9D00A2F559;
			remoteInfo = sadajura2;
		};
		666337021BAE3D9D00A2F559 /* PBXContainerItemProxy */ = {
			isa = PBXContainerItemProxy;
			containerPortal = 666336DA1BAE3D9D00A2F559 /* Project object */;
			proxyType = 1;
			remoteGlobalIDString = 666336E11BAE3D9D00A2F559;
			remoteInfo = sadajura2;
		};
/* End PBXContainerItemProxy section */

/* Begin PBXFileReference section */
		0D01E0840D4B46864BC195D9 /* Pods-sadajura.debug.xcconfig */ = {isa = PBXFileReference; includeInIndex = 1; lastKnownFileType = text.xcconfig; name = "Pods-sadajura.debug.xcconfig"; path = "Pods/Target Support Files/Pods-sadajura/Pods-sadajura.debug.xcconfig"; sourceTree = "<group>"; };
		2103C20965228A08006AA0AE /* Pods_sadajura.framework */ = {isa = PBXFileReference; explicitFileType = wrapper.framework; includeInIndex = 0; path = Pods_sadajura.framework; sourceTree = BUILT_PRODUCTS_DIR; };
		666336E21BAE3D9D00A2F559 /* sadajura.app */ = {isa = PBXFileReference; explicitFileType = wrapper.application; includeInIndex = 0; path = sadajura.app; sourceTree = BUILT_PRODUCTS_DIR; };
		666336E51BAE3D9D00A2F559 /* AppDelegate.swift */ = {isa = PBXFileReference; lastKnownFileType = sourcecode.swift; path = AppDelegate.swift; sourceTree = "<group>"; };
		666336E71BAE3D9D00A2F559 /* ViewController.swift */ = {isa = PBXFileReference; lastKnownFileType = sourcecode.swift; path = ViewController.swift; sourceTree = "<group>"; };
		666336EA1BAE3D9D00A2F559 /* Base */ = {isa = PBXFileReference; lastKnownFileType = file.storyboard; name = Base; path = Base.lproj/Main.storyboard; sourceTree = "<group>"; };
		666336EC1BAE3D9D00A2F559 /* Assets.xcassets */ = {isa = PBXFileReference; lastKnownFileType = folder.assetcatalog; path = Assets.xcassets; sourceTree = "<group>"; };
		666336EF1BAE3D9D00A2F559 /* Base */ = {isa = PBXFileReference; lastKnownFileType = file.storyboard; name = Base; path = Base.lproj/LaunchScreen.storyboard; sourceTree = "<group>"; };
		666336F11BAE3D9D00A2F559 /* Info.plist */ = {isa = PBXFileReference; lastKnownFileType = text.plist.xml; path = Info.plist; sourceTree = "<group>"; };
		666336F61BAE3D9D00A2F559 /* sadajura.xctest */ = {isa = PBXFileReference; explicitFileType = wrapper.cfbundle; includeInIndex = 0; path = sadajura.xctest; sourceTree = BUILT_PRODUCTS_DIR; };
		666336FA1BAE3D9D00A2F559 /* sadajura2Tests.swift */ = {isa = PBXFileReference; lastKnownFileType = sourcecode.swift; path = sadajura2Tests.swift; sourceTree = "<group>"; };
		666336FC1BAE3D9D00A2F559 /* Info.plist */ = {isa = PBXFileReference; lastKnownFileType = text.plist.xml; path = Info.plist; sourceTree = "<group>"; };
		666337011BAE3D9D00A2F559 /* sadajura.xctest */ = {isa = PBXFileReference; explicitFileType = wrapper.cfbundle; includeInIndex = 0; path = sadajura.xctest; sourceTree = BUILT_PRODUCTS_DIR; };
		666337051BAE3D9D00A2F559 /* sadajura2UITests.swift */ = {isa = PBXFileReference; lastKnownFileType = sourcecode.swift; path = sadajura2UITests.swift; sourceTree = "<group>"; };
		666337071BAE3D9D00A2F559 /* Info.plist */ = {isa = PBXFileReference; lastKnownFileType = text.plist.xml; path = Info.plist; sourceTree = "<group>"; };
		666337A51BAE464200A2F559 /* ChatViewController.swift */ = {isa = PBXFileReference; fileEncoding = 4; lastKnownFileType = sourcecode.swift; path = ChatViewController.swift; sourceTree = "<group>"; };
		66A5555B1BAE589100F63501 /* AudioToolbox.framework */ = {isa = PBXFileReference; lastKnownFileType = wrapper.framework; name = AudioToolbox.framework; path = System/Library/Frameworks/AudioToolbox.framework; sourceTree = SDKROOT; };
		66A5555D1BAE595900F63501 /* sadajura-Bridging-Header.h */ = {isa = PBXFileReference; lastKnownFileType = sourcecode.c.h; path = "sadajura-Bridging-Header.h"; sourceTree = "<group>"; };
		66A555F51BAE691500F63501 /* Constants.swift */ = {isa = PBXFileReference; fileEncoding = 4; lastKnownFileType = sourcecode.swift; path = Constants.swift; sourceTree = "<group>"; };
		66A555F71BAE6F4B00F63501 /* Message.swift */ = {isa = PBXFileReference; fileEncoding = 4; lastKnownFileType = sourcecode.swift; path = Message.swift; sourceTree = "<group>"; };
		66A555F91BAE700B00F63501 /* User.swift */ = {isa = PBXFileReference; fileEncoding = 4; lastKnownFileType = sourcecode.swift; path = User.swift; sourceTree = "<group>"; };
		66A555FB1BAE715F00F63501 /* MyLoginViewController.swift */ = {isa = PBXFileReference; fileEncoding = 4; lastKnownFileType = sourcecode.swift; path = MyLoginViewController.swift; sourceTree = "<group>"; };
		66A555FD1BAE718600F63501 /* MySignupViewController.swift */ = {isa = PBXFileReference; fileEncoding = 4; lastKnownFileType = sourcecode.swift; path = MySignupViewController.swift; sourceTree = "<group>"; };
		66A555FF1BAE71E300F63501 /* UIVIewController+Navigation.swift */ = {isa = PBXFileReference; fileEncoding = 4; lastKnownFileType = sourcecode.swift; path = "UIVIewController+Navigation.swift"; sourceTree = "<group>"; };
		66B3119F1BAE96730063B146 /* UIImage+Resize.swift */ = {isa = PBXFileReference; fileEncoding = 4; lastKnownFileType = sourcecode.swift; path = "UIImage+Resize.swift"; sourceTree = "<group>"; };
		66B311A11BAE98000063B146 /* Flight.swift */ = {isa = PBXFileReference; fileEncoding = 4; lastKnownFileType = sourcecode.swift; path = Flight.swift; sourceTree = "<group>"; };
		66B311A31BAE9AB60063B146 /* Request.swift */ = {isa = PBXFileReference; fileEncoding = 4; lastKnownFileType = sourcecode.swift; path = Request.swift; sourceTree = "<group>"; };
		66B311A51BAEA6510063B146 /* InitialViewController.swift */ = {isa = PBXFileReference; fileEncoding = 4; lastKnownFileType = sourcecode.swift; path = InitialViewController.swift; sourceTree = "<group>"; };
		66B311A71BAEA6ED0063B146 /* MyTabberViewController.swift */ = {isa = PBXFileReference; fileEncoding = 4; lastKnownFileType = sourcecode.swift; path = MyTabberViewController.swift; sourceTree = "<group>"; };
		66B311A91BAEAFDF0063B146 /* MyAlertView.swift */ = {isa = PBXFileReference; fileEncoding = 4; lastKnownFileType = sourcecode.swift; path = MyAlertView.swift; sourceTree = "<group>"; };
		66B311AB1BAEB1360063B146 /* UIColor+Util.swift */ = {isa = PBXFileReference; fileEncoding = 4; lastKnownFileType = sourcecode.swift; path = "UIColor+Util.swift"; sourceTree = "<group>"; };
		97DA118BE08D9EFC63DE1CF2 /* Pods-sadajura.release.xcconfig */ = {isa = PBXFileReference; includeInIndex = 1; lastKnownFileType = text.xcconfig; name = "Pods-sadajura.release.xcconfig"; path = "Pods/Target Support Files/Pods-sadajura/Pods-sadajura.release.xcconfig"; sourceTree = "<group>"; };
		D245C82F1BAE752D0072867D /* ChatListViewController.swift */ = {isa = PBXFileReference; fileEncoding = 4; lastKnownFileType = sourcecode.swift; path = ChatListViewController.swift; sourceTree = "<group>"; };
		D245C8311BAE786D0072867D /* ChatListViewCell.swift */ = {isa = PBXFileReference; fileEncoding = 4; lastKnownFileType = sourcecode.swift; path = ChatListViewCell.swift; sourceTree = "<group>"; };
		D245C8341BAE92AF0072867D /* chat.png */ = {isa = PBXFileReference; lastKnownFileType = image.png; path = chat.png; sourceTree = "<group>"; };
		D245C8351BAE92AF0072867D /* plain.png */ = {isa = PBXFileReference; lastKnownFileType = image.png; path = plain.png; sourceTree = "<group>"; };
		D245C8361BAE92AF0072867D /* profile.png */ = {isa = PBXFileReference; lastKnownFileType = image.png; path = profile.png; sourceTree = "<group>"; };
		D245C83A1BAE93D20072867D /* FlightDetailViewController.swift */ = {isa = PBXFileReference; fileEncoding = 4; lastKnownFileType = sourcecode.swift; path = FlightDetailViewController.swift; sourceTree = "<group>"; };
		D245C83C1BAE95360072867D /* SubmitViewController.swift */ = {isa = PBXFileReference; fileEncoding = 4; lastKnownFileType = sourcecode.swift; path = SubmitViewController.swift; sourceTree = "<group>"; };
		D245C83E1BAE95F80072867D /* ProfileViewController.swift */ = {isa = PBXFileReference; fileEncoding = 4; lastKnownFileType = sourcecode.swift; path = ProfileViewController.swift; sourceTree = "<group>"; };
		D245C8401BAE9BEC0072867D /* FlightDetailTableViewCell.swift */ = {isa = PBXFileReference; fileEncoding = 4; lastKnownFileType = sourcecode.swift; path = FlightDetailTableViewCell.swift; sourceTree = "<group>"; };
		D245C8421BAEB6080072867D /* NSDateISO8601.swift */ = {isa = PBXFileReference; fileEncoding = 4; lastKnownFileType = sourcecode.swift; path = NSDateISO8601.swift; sourceTree = "<group>"; };
		D245C8441BAECD280072867D /* to.png */ = {isa = PBXFileReference; lastKnownFileType = image.png; path = to.png; sourceTree = "<group>"; };
		D28272B61BAE4131003269CE /* RegisterFlightViewController.swift */ = {isa = PBXFileReference; fileEncoding = 4; lastKnownFileType = sourcecode.swift; path = RegisterFlightViewController.swift; sourceTree = "<group>"; };
		D28272BA1BAE5F19003269CE /* FriendTripViewController.swift */ = {isa = PBXFileReference; fileEncoding = 4; lastKnownFileType = sourcecode.swift; path = FriendTripViewController.swift; sourceTree = "<group>"; };
		D28272BC1BAE6028003269CE /* FriendTripTableViewCell.swift */ = {isa = PBXFileReference; fileEncoding = 4; lastKnownFileType = sourcecode.swift; path = FriendTripTableViewCell.swift; sourceTree = "<group>"; };
/* End PBXFileReference section */

/* Begin PBXFrameworksBuildPhase section */
		666336DF1BAE3D9D00A2F559 /* Frameworks */ = {
			isa = PBXFrameworksBuildPhase;
			buildActionMask = 2147483647;
			files = (
				66A5555C1BAE589100F63501 /* AudioToolbox.framework in Frameworks */,
				1D8100D497A0CED36DFDA07E /* Pods_sadajura.framework in Frameworks */,
			);
			runOnlyForDeploymentPostprocessing = 0;
		};
		666336F31BAE3D9D00A2F559 /* Frameworks */ = {
			isa = PBXFrameworksBuildPhase;
			buildActionMask = 2147483647;
			files = (
			);
			runOnlyForDeploymentPostprocessing = 0;
		};
		666336FE1BAE3D9D00A2F559 /* Frameworks */ = {
			isa = PBXFrameworksBuildPhase;
			buildActionMask = 2147483647;
			files = (
			);
			runOnlyForDeploymentPostprocessing = 0;
		};
/* End PBXFrameworksBuildPhase section */

/* Begin PBXGroup section */
		4041840CCE92B1E58F79CDB8 /* Frameworks */ = {
			isa = PBXGroup;
			children = (
				2103C20965228A08006AA0AE /* Pods_sadajura.framework */,
			);
			name = Frameworks;
			sourceTree = "<group>";
		};
		666336D91BAE3D9D00A2F559 = {
			isa = PBXGroup;
			children = (
				66A5555B1BAE589100F63501 /* AudioToolbox.framework */,
				666336E41BAE3D9D00A2F559 /* sadajura2 */,
				666336F91BAE3D9D00A2F559 /* sadajura2Tests */,
				666337041BAE3D9D00A2F559 /* sadajura2UITests */,
				666336E31BAE3D9D00A2F559 /* Products */,
				89B8F649C334E9BD05DABE88 /* Pods */,
				4041840CCE92B1E58F79CDB8 /* Frameworks */,
			);
			sourceTree = "<group>";
		};
		666336E31BAE3D9D00A2F559 /* Products */ = {
			isa = PBXGroup;
			children = (
				666336E21BAE3D9D00A2F559 /* sadajura.app */,
				666336F61BAE3D9D00A2F559 /* sadajura.xctest */,
				666337011BAE3D9D00A2F559 /* sadajura.xctest */,
			);
			name = Products;
			sourceTree = "<group>";
		};
		666336E41BAE3D9D00A2F559 /* sadajura2 */ = {
			isa = PBXGroup;
			children = (
				D245C8331BAE8B420072867D /* icons */,
				666336E91BAE3D9D00A2F559 /* Main.storyboard */,
				666336E51BAE3D9D00A2F559 /* AppDelegate.swift */,
				666336E71BAE3D9D00A2F559 /* ViewController.swift */,
				D28272B61BAE4131003269CE /* RegisterFlightViewController.swift */,
				D28272BA1BAE5F19003269CE /* FriendTripViewController.swift */,
				D245C8421BAEB6080072867D /* NSDateISO8601.swift */,
				D28272BC1BAE6028003269CE /* FriendTripTableViewCell.swift */,
				D245C83A1BAE93D20072867D /* FlightDetailViewController.swift */,
				D245C8401BAE9BEC0072867D /* FlightDetailTableViewCell.swift */,
				D245C82F1BAE752D0072867D /* ChatListViewController.swift */,
				D245C8311BAE786D0072867D /* ChatListViewCell.swift */,
				D245C83C1BAE95360072867D /* SubmitViewController.swift */,
				D245C83E1BAE95F80072867D /* ProfileViewController.swift */,
				666336EC1BAE3D9D00A2F559 /* Assets.xcassets */,
				666336EE1BAE3D9D00A2F559 /* LaunchScreen.storyboard */,
				666336F11BAE3D9D00A2F559 /* Info.plist */,
				666337A51BAE464200A2F559 /* ChatViewController.swift */,
				66A5555D1BAE595900F63501 /* sadajura-Bridging-Header.h */,
				66A555F51BAE691500F63501 /* Constants.swift */,
				66A555F71BAE6F4B00F63501 /* Message.swift */,
				66A555F91BAE700B00F63501 /* User.swift */,
				66A555FB1BAE715F00F63501 /* MyLoginViewController.swift */,
				66A555FD1BAE718600F63501 /* MySignupViewController.swift */,
				66A555FF1BAE71E300F63501 /* UIVIewController+Navigation.swift */,
				66B3119F1BAE96730063B146 /* UIImage+Resize.swift */,
				66B311A11BAE98000063B146 /* Flight.swift */,
				66B311A31BAE9AB60063B146 /* Request.swift */,
				66B311A51BAEA6510063B146 /* InitialViewController.swift */,
				66B311A71BAEA6ED0063B146 /* MyTabberViewController.swift */,
				66B311A91BAEAFDF0063B146 /* MyAlertView.swift */,
				66B311AB1BAEB1360063B146 /* UIColor+Util.swift */,
			);
			path = sadajura2;
			sourceTree = "<group>";
		};
		666336F91BAE3D9D00A2F559 /* sadajura2Tests */ = {
			isa = PBXGroup;
			children = (
				666336FA1BAE3D9D00A2F559 /* sadajura2Tests.swift */,
				666336FC1BAE3D9D00A2F559 /* Info.plist */,
			);
			path = sadajura2Tests;
			sourceTree = "<group>";
		};
		666337041BAE3D9D00A2F559 /* sadajura2UITests */ = {
			isa = PBXGroup;
			children = (
				666337051BAE3D9D00A2F559 /* sadajura2UITests.swift */,
				666337071BAE3D9D00A2F559 /* Info.plist */,
			);
			path = sadajura2UITests;
			sourceTree = "<group>";
		};
		89B8F649C334E9BD05DABE88 /* Pods */ = {
			isa = PBXGroup;
			children = (
				0D01E0840D4B46864BC195D9 /* Pods-sadajura.debug.xcconfig */,
				97DA118BE08D9EFC63DE1CF2 /* Pods-sadajura.release.xcconfig */,
			);
			name = Pods;
			sourceTree = "<group>";
		};
		D245C8331BAE8B420072867D /* icons */ = {
			isa = PBXGroup;
			children = (
				D245C8441BAECD280072867D /* to.png */,
				D245C8341BAE92AF0072867D /* chat.png */,
				D245C8351BAE92AF0072867D /* plain.png */,
				D245C8361BAE92AF0072867D /* profile.png */,
			);
			name = icons;
			sourceTree = "<group>";
		};
/* End PBXGroup section */

/* Begin PBXNativeTarget section */
		666336E11BAE3D9D00A2F559 /* sadajura */ = {
			isa = PBXNativeTarget;
			buildConfigurationList = 6663370A1BAE3D9D00A2F559 /* Build configuration list for PBXNativeTarget "sadajura" */;
			buildPhases = (
				566816B04629497A2E6BE6A0 /* Check Pods Manifest.lock */,
				666336DE1BAE3D9D00A2F559 /* Sources */,
				666336DF1BAE3D9D00A2F559 /* Frameworks */,
				666336E01BAE3D9D00A2F559 /* Resources */,
				133346F6325B8B9CD4ACBD28 /* Copy Pods Resources */,
				44D5EAE3E44FAFA0E8720196 /* Embed Pods Frameworks */,
			);
			buildRules = (
			);
			dependencies = (
			);
			name = sadajura;
			productName = sadajura2;
			productReference = 666336E21BAE3D9D00A2F559 /* sadajura.app */;
			productType = "com.apple.product-type.application";
		};
		666336F51BAE3D9D00A2F559 /* sadajuraTests */ = {
			isa = PBXNativeTarget;
			buildConfigurationList = 6663370D1BAE3D9D00A2F559 /* Build configuration list for PBXNativeTarget "sadajuraTests" */;
			buildPhases = (
				666336F21BAE3D9D00A2F559 /* Sources */,
				666336F31BAE3D9D00A2F559 /* Frameworks */,
				666336F41BAE3D9D00A2F559 /* Resources */,
			);
			buildRules = (
			);
			dependencies = (
				666336F81BAE3D9D00A2F559 /* PBXTargetDependency */,
			);
			name = sadajuraTests;
			productName = sadajura2Tests;
			productReference = 666336F61BAE3D9D00A2F559 /* sadajura.xctest */;
			productType = "com.apple.product-type.bundle.unit-test";
		};
		666337001BAE3D9D00A2F559 /* sadajuraUITests */ = {
			isa = PBXNativeTarget;
			buildConfigurationList = 666337101BAE3D9D00A2F559 /* Build configuration list for PBXNativeTarget "sadajuraUITests" */;
			buildPhases = (
				666336FD1BAE3D9D00A2F559 /* Sources */,
				666336FE1BAE3D9D00A2F559 /* Frameworks */,
				666336FF1BAE3D9D00A2F559 /* Resources */,
			);
			buildRules = (
			);
			dependencies = (
				666337031BAE3D9D00A2F559 /* PBXTargetDependency */,
			);
			name = sadajuraUITests;
			productName = sadajura2UITests;
			productReference = 666337011BAE3D9D00A2F559 /* sadajura.xctest */;
			productType = "com.apple.product-type.bundle.ui-testing";
		};
/* End PBXNativeTarget section */

/* Begin PBXProject section */
		666336DA1BAE3D9D00A2F559 /* Project object */ = {
			isa = PBXProject;
			attributes = {
				LastSwiftUpdateCheck = 0700;
				LastUpgradeCheck = 0700;
				ORGANIZATIONNAME = whomentors;
				TargetAttributes = {
					666336E11BAE3D9D00A2F559 = {
						CreatedOnToolsVersion = 7.0;
					};
					666336F51BAE3D9D00A2F559 = {
						CreatedOnToolsVersion = 7.0;
						TestTargetID = 666336E11BAE3D9D00A2F559;
					};
					666337001BAE3D9D00A2F559 = {
						CreatedOnToolsVersion = 7.0;
						TestTargetID = 666336E11BAE3D9D00A2F559;
					};
				};
			};
			buildConfigurationList = 666336DD1BAE3D9D00A2F559 /* Build configuration list for PBXProject "sadajura" */;
			compatibilityVersion = "Xcode 3.2";
			developmentRegion = English;
			hasScannedForEncodings = 0;
			knownRegions = (
				en,
				Base,
			);
			mainGroup = 666336D91BAE3D9D00A2F559;
			productRefGroup = 666336E31BAE3D9D00A2F559 /* Products */;
			projectDirPath = "";
			projectRoot = "";
			targets = (
				666336E11BAE3D9D00A2F559 /* sadajura */,
				666336F51BAE3D9D00A2F559 /* sadajuraTests */,
				666337001BAE3D9D00A2F559 /* sadajuraUITests */,
			);
		};
/* End PBXProject section */

/* Begin PBXResourcesBuildPhase section */
		666336E01BAE3D9D00A2F559 /* Resources */ = {
			isa = PBXResourcesBuildPhase;
			buildActionMask = 2147483647;
			files = (
				666336F01BAE3D9D00A2F559 /* LaunchScreen.storyboard in Resources */,
				D245C8381BAE92AF0072867D /* plain.png in Resources */,
				666336ED1BAE3D9D00A2F559 /* Assets.xcassets in Resources */,
				666336EB1BAE3D9D00A2F559 /* Main.storyboard in Resources */,
				D245C8451BAECD280072867D /* to.png in Resources */,
				D245C8371BAE92AF0072867D /* chat.png in Resources */,
				D245C8391BAE92AF0072867D /* profile.png in Resources */,
			);
			runOnlyForDeploymentPostprocessing = 0;
		};
		666336F41BAE3D9D00A2F559 /* Resources */ = {
			isa = PBXResourcesBuildPhase;
			buildActionMask = 2147483647;
			files = (
			);
			runOnlyForDeploymentPostprocessing = 0;
		};
		666336FF1BAE3D9D00A2F559 /* Resources */ = {
			isa = PBXResourcesBuildPhase;
			buildActionMask = 2147483647;
			files = (
			);
			runOnlyForDeploymentPostprocessing = 0;
		};
/* End PBXResourcesBuildPhase section */

/* Begin PBXShellScriptBuildPhase section */
		133346F6325B8B9CD4ACBD28 /* Copy Pods Resources */ = {
			isa = PBXShellScriptBuildPhase;
			buildActionMask = 2147483647;
			files = (
			);
			inputPaths = (
			);
			name = "Copy Pods Resources";
			outputPaths = (
			);
			runOnlyForDeploymentPostprocessing = 0;
			shellPath = /bin/sh;
			shellScript = "\"${SRCROOT}/Pods/Target Support Files/Pods-sadajura/Pods-sadajura-resources.sh\"\n";
			showEnvVarsInLog = 0;
		};
		44D5EAE3E44FAFA0E8720196 /* Embed Pods Frameworks */ = {
			isa = PBXShellScriptBuildPhase;
			buildActionMask = 2147483647;
			files = (
			);
			inputPaths = (
			);
			name = "Embed Pods Frameworks";
			outputPaths = (
			);
			runOnlyForDeploymentPostprocessing = 0;
			shellPath = /bin/sh;
			shellScript = "\"${SRCROOT}/Pods/Target Support Files/Pods-sadajura/Pods-sadajura-frameworks.sh\"\n";
			showEnvVarsInLog = 0;
		};
		566816B04629497A2E6BE6A0 /* Check Pods Manifest.lock */ = {
			isa = PBXShellScriptBuildPhase;
			buildActionMask = 2147483647;
			files = (
			);
			inputPaths = (
			);
			name = "Check Pods Manifest.lock";
			outputPaths = (
			);
			runOnlyForDeploymentPostprocessing = 0;
			shellPath = /bin/sh;
			shellScript = "diff \"${PODS_ROOT}/../Podfile.lock\" \"${PODS_ROOT}/Manifest.lock\" > /dev/null\nif [[ $? != 0 ]] ; then\n    cat << EOM\nerror: The sandbox is not in sync with the Podfile.lock. Run 'pod install' or update your CocoaPods installation.\nEOM\n    exit 1\nfi\n";
			showEnvVarsInLog = 0;
		};
/* End PBXShellScriptBuildPhase section */

/* Begin PBXSourcesBuildPhase section */
		666336DE1BAE3D9D00A2F559 /* Sources */ = {
			isa = PBXSourcesBuildPhase;
			buildActionMask = 2147483647;
			files = (
				66A556001BAE71E300F63501 /* UIVIewController+Navigation.swift in Sources */,
				666336E81BAE3D9D00A2F559 /* ViewController.swift in Sources */,
				666337A61BAE464200A2F559 /* ChatViewController.swift in Sources */,
				D28272B81BAE4131003269CE /* RegisterFlightViewController.swift in Sources */,
				66A555FE1BAE718600F63501 /* MySignupViewController.swift in Sources */,
				66B311A01BAE96730063B146 /* UIImage+Resize.swift in Sources */,
				66B311AC1BAEB1360063B146 /* UIColor+Util.swift in Sources */,
				D28272BD1BAE6028003269CE /* FriendTripTableViewCell.swift in Sources */,
				66B311A81BAEA6ED0063B146 /* MyTabberViewController.swift in Sources */,
				66B311A41BAE9AB60063B146 /* Request.swift in Sources */,
				66A555FC1BAE715F00F63501 /* MyLoginViewController.swift in Sources */,
				D245C83D1BAE95360072867D /* SubmitViewController.swift in Sources */,
				D245C8411BAE9BEC0072867D /* FlightDetailTableViewCell.swift in Sources */,
				D245C8321BAE786D0072867D /* ChatListViewCell.swift in Sources */,
				666336E61BAE3D9D00A2F559 /* AppDelegate.swift in Sources */,
				66B311A61BAEA6510063B146 /* InitialViewController.swift in Sources */,
				66A555FA1BAE700B00F63501 /* User.swift in Sources */,
				66A555F81BAE6F4B00F63501 /* Message.swift in Sources */,
				66A555F61BAE691500F63501 /* Constants.swift in Sources */,
				D245C83B1BAE93D20072867D /* FlightDetailViewController.swift in Sources */,
				D245C8301BAE752D0072867D /* ChatListViewController.swift in Sources */,
				D245C83F1BAE95F80072867D /* ProfileViewController.swift in Sources */,
				66B311AA1BAEAFDF0063B146 /* MyAlertView.swift in Sources */,
				D28272BB1BAE5F19003269CE /* FriendTripViewController.swift in Sources */,
				66B311A21BAE98000063B146 /* Flight.swift in Sources */,
				D245C8431BAEB6080072867D /* NSDateISO8601.swift in Sources */,
			);
			runOnlyForDeploymentPostprocessing = 0;
		};
		666336F21BAE3D9D00A2F559 /* Sources */ = {
			isa = PBXSourcesBuildPhase;
			buildActionMask = 2147483647;
			files = (
				666336FB1BAE3D9D00A2F559 /* sadajura2Tests.swift in Sources */,
			);
			runOnlyForDeploymentPostprocessing = 0;
		};
		666336FD1BAE3D9D00A2F559 /* Sources */ = {
			isa = PBXSourcesBuildPhase;
			buildActionMask = 2147483647;
			files = (
				666337061BAE3D9D00A2F559 /* sadajura2UITests.swift in Sources */,
			);
			runOnlyForDeploymentPostprocessing = 0;
		};
/* End PBXSourcesBuildPhase section */

/* Begin PBXTargetDependency section */
		666336F81BAE3D9D00A2F559 /* PBXTargetDependency */ = {
			isa = PBXTargetDependency;
			target = 666336E11BAE3D9D00A2F559 /* sadajura */;
			targetProxy = 666336F71BAE3D9D00A2F559 /* PBXContainerItemProxy */;
		};
		666337031BAE3D9D00A2F559 /* PBXTargetDependency */ = {
			isa = PBXTargetDependency;
			target = 666336E11BAE3D9D00A2F559 /* sadajura */;
			targetProxy = 666337021BAE3D9D00A2F559 /* PBXContainerItemProxy */;
		};
/* End PBXTargetDependency section */

/* Begin PBXVariantGroup section */
		666336E91BAE3D9D00A2F559 /* Main.storyboard */ = {
			isa = PBXVariantGroup;
			children = (
				666336EA1BAE3D9D00A2F559 /* Base */,
			);
			name = Main.storyboard;
			sourceTree = "<group>";
		};
		666336EE1BAE3D9D00A2F559 /* LaunchScreen.storyboard */ = {
			isa = PBXVariantGroup;
			children = (
				666336EF1BAE3D9D00A2F559 /* Base */,
			);
			name = LaunchScreen.storyboard;
			sourceTree = "<group>";
		};
/* End PBXVariantGroup section */

/* Begin XCBuildConfiguration section */
		666337081BAE3D9D00A2F559 /* Debug */ = {
			isa = XCBuildConfiguration;
			buildSettings = {
				ALWAYS_SEARCH_USER_PATHS = NO;
				CLANG_CXX_LANGUAGE_STANDARD = "gnu++0x";
				CLANG_CXX_LIBRARY = "libc++";
				CLANG_ENABLE_MODULES = YES;
				CLANG_ENABLE_OBJC_ARC = YES;
				CLANG_WARN_BOOL_CONVERSION = YES;
				CLANG_WARN_CONSTANT_CONVERSION = YES;
				CLANG_WARN_DIRECT_OBJC_ISA_USAGE = YES_ERROR;
				CLANG_WARN_EMPTY_BODY = YES;
				CLANG_WARN_ENUM_CONVERSION = YES;
				CLANG_WARN_INT_CONVERSION = YES;
				CLANG_WARN_OBJC_ROOT_CLASS = YES_ERROR;
				CLANG_WARN_UNREACHABLE_CODE = YES;
				CLANG_WARN__DUPLICATE_METHOD_MATCH = YES;
				"CODE_SIGN_IDENTITY[sdk=iphoneos*]" = "iPhone Developer";
				COPY_PHASE_STRIP = NO;
				DEBUG_INFORMATION_FORMAT = dwarf;
				ENABLE_STRICT_OBJC_MSGSEND = YES;
				ENABLE_TESTABILITY = YES;
				GCC_C_LANGUAGE_STANDARD = gnu99;
				GCC_DYNAMIC_NO_PIC = NO;
				GCC_NO_COMMON_BLOCKS = YES;
				GCC_OPTIMIZATION_LEVEL = 0;
				GCC_PREPROCESSOR_DEFINITIONS = (
					"DEBUG=1",
					"$(inherited)",
				);
				GCC_WARN_64_TO_32_BIT_CONVERSION = YES;
				GCC_WARN_ABOUT_RETURN_TYPE = YES_ERROR;
				GCC_WARN_UNDECLARED_SELECTOR = YES;
				GCC_WARN_UNINITIALIZED_AUTOS = YES_AGGRESSIVE;
				GCC_WARN_UNUSED_FUNCTION = YES;
				GCC_WARN_UNUSED_VARIABLE = YES;
				IPHONEOS_DEPLOYMENT_TARGET = 9.0;
				MTL_ENABLE_DEBUG_INFO = YES;
				ONLY_ACTIVE_ARCH = YES;
				SDKROOT = iphoneos;
				SWIFT_OPTIMIZATION_LEVEL = "-Onone";
			};
			name = Debug;
		};
		666337091BAE3D9D00A2F559 /* Release */ = {
			isa = XCBuildConfiguration;
			buildSettings = {
				ALWAYS_SEARCH_USER_PATHS = NO;
				CLANG_CXX_LANGUAGE_STANDARD = "gnu++0x";
				CLANG_CXX_LIBRARY = "libc++";
				CLANG_ENABLE_MODULES = YES;
				CLANG_ENABLE_OBJC_ARC = YES;
				CLANG_WARN_BOOL_CONVERSION = YES;
				CLANG_WARN_CONSTANT_CONVERSION = YES;
				CLANG_WARN_DIRECT_OBJC_ISA_USAGE = YES_ERROR;
				CLANG_WARN_EMPTY_BODY = YES;
				CLANG_WARN_ENUM_CONVERSION = YES;
				CLANG_WARN_INT_CONVERSION = YES;
				CLANG_WARN_OBJC_ROOT_CLASS = YES_ERROR;
				CLANG_WARN_UNREACHABLE_CODE = YES;
				CLANG_WARN__DUPLICATE_METHOD_MATCH = YES;
				"CODE_SIGN_IDENTITY[sdk=iphoneos*]" = "iPhone Developer";
				COPY_PHASE_STRIP = NO;
				DEBUG_INFORMATION_FORMAT = "dwarf-with-dsym";
				ENABLE_NS_ASSERTIONS = NO;
				ENABLE_STRICT_OBJC_MSGSEND = YES;
				GCC_C_LANGUAGE_STANDARD = gnu99;
				GCC_NO_COMMON_BLOCKS = YES;
				GCC_WARN_64_TO_32_BIT_CONVERSION = YES;
				GCC_WARN_ABOUT_RETURN_TYPE = YES_ERROR;
				GCC_WARN_UNDECLARED_SELECTOR = YES;
				GCC_WARN_UNINITIALIZED_AUTOS = YES_AGGRESSIVE;
				GCC_WARN_UNUSED_FUNCTION = YES;
				GCC_WARN_UNUSED_VARIABLE = YES;
				IPHONEOS_DEPLOYMENT_TARGET = 9.0;
				MTL_ENABLE_DEBUG_INFO = NO;
				SDKROOT = iphoneos;
				VALIDATE_PRODUCT = YES;
			};
			name = Release;
		};
		6663370B1BAE3D9D00A2F559 /* Debug */ = {
			isa = XCBuildConfiguration;
			baseConfigurationReference = 0D01E0840D4B46864BC195D9 /* Pods-sadajura.debug.xcconfig */;
			buildSettings = {
				ASSETCATALOG_COMPILER_APPICON_NAME = AppIcon;
				CLANG_ENABLE_MODULES = YES;
				INFOPLIST_FILE = sadajura2/Info.plist;
				LD_RUNPATH_SEARCH_PATHS = "$(inherited) @executable_path/Frameworks";
				PRODUCT_BUNDLE_IDENTIFIER = com.whomentors.sadajura;
				PRODUCT_NAME = sadajura;
				SWIFT_OBJC_BRIDGING_HEADER = "sadajura2/sadajura-Bridging-Header.h";
				SWIFT_OPTIMIZATION_LEVEL = "-Onone";
			};
			name = Debug;
		};
		6663370C1BAE3D9D00A2F559 /* Release */ = {
			isa = XCBuildConfiguration;
			baseConfigurationReference = 97DA118BE08D9EFC63DE1CF2 /* Pods-sadajura.release.xcconfig */;
			buildSettings = {
				ASSETCATALOG_COMPILER_APPICON_NAME = AppIcon;
				CLANG_ENABLE_MODULES = YES;
				INFOPLIST_FILE = sadajura2/Info.plist;
				LD_RUNPATH_SEARCH_PATHS = "$(inherited) @executable_path/Frameworks";
				PRODUCT_BUNDLE_IDENTIFIER = com.whomentors.sadajura;
				PRODUCT_NAME = sadajura;
				SWIFT_OBJC_BRIDGING_HEADER = "sadajura2/sadajura-Bridging-Header.h";
			};
			name = Release;
		};
		6663370E1BAE3D9D00A2F559 /* Debug */ = {
			isa = XCBuildConfiguration;
			buildSettings = {
				BUNDLE_LOADER = "$(TEST_HOST)";
				INFOPLIST_FILE = sadajura2Tests/Info.plist;
				LD_RUNPATH_SEARCH_PATHS = "$(inherited) @executable_path/Frameworks @loader_path/Frameworks";
				PRODUCT_BUNDLE_IDENTIFIER = com.whomentors.sadajura2.sadajura2Tests;
				PRODUCT_NAME = sadajura;
				TEST_HOST = "$(BUILT_PRODUCTS_DIR)/sadajura.app/sadajura";
			};
			name = Debug;
		};
		6663370F1BAE3D9D00A2F559 /* Release */ = {
			isa = XCBuildConfiguration;
			buildSettings = {
				BUNDLE_LOADER = "$(TEST_HOST)";
				INFOPLIST_FILE = sadajura2Tests/Info.plist;
				LD_RUNPATH_SEARCH_PATHS = "$(inherited) @executable_path/Frameworks @loader_path/Frameworks";
				PRODUCT_BUNDLE_IDENTIFIER = com.whomentors.sadajura2.sadajura2Tests;
				PRODUCT_NAME = sadajura;
				TEST_HOST = "$(BUILT_PRODUCTS_DIR)/sadajura.app/sadajura";
			};
			name = Release;
		};
		666337111BAE3D9D00A2F559 /* Debug */ = {
			isa = XCBuildConfiguration;
			buildSettings = {
				INFOPLIST_FILE = sadajura2UITests/Info.plist;
				LD_RUNPATH_SEARCH_PATHS = "$(inherited) @executable_path/Frameworks @loader_path/Frameworks";
				PRODUCT_BUNDLE_IDENTIFIER = com.whomentors.sadajura2.sadajura2UITests;
				PRODUCT_NAME = sadajura;
				TEST_TARGET_NAME = sadajura2;
				USES_XCTRUNNER = YES;
			};
			name = Debug;
		};
		666337121BAE3D9D00A2F559 /* Release */ = {
			isa = XCBuildConfiguration;
			buildSettings = {
				INFOPLIST_FILE = sadajura2UITests/Info.plist;
				LD_RUNPATH_SEARCH_PATHS = "$(inherited) @executable_path/Frameworks @loader_path/Frameworks";
				PRODUCT_BUNDLE_IDENTIFIER = com.whomentors.sadajura2.sadajura2UITests;
				PRODUCT_NAME = sadajura;
				TEST_TARGET_NAME = sadajura2;
				USES_XCTRUNNER = YES;
			};
			name = Release;
		};
/* End XCBuildConfiguration section */

/* Begin XCConfigurationList section */
		666336DD1BAE3D9D00A2F559 /* Build configuration list for PBXProject "sadajura" */ = {
			isa = XCConfigurationList;
			buildConfigurations = (
				666337081BAE3D9D00A2F559 /* Debug */,
				666337091BAE3D9D00A2F559 /* Release */,
			);
			defaultConfigurationIsVisible = 0;
			defaultConfigurationName = Release;
		};
		6663370A1BAE3D9D00A2F559 /* Build configuration list for PBXNativeTarget "sadajura" */ = {
			isa = XCConfigurationList;
			buildConfigurations = (
				6663370B1BAE3D9D00A2F559 /* Debug */,
				6663370C1BAE3D9D00A2F559 /* Release */,
			);
			defaultConfigurationIsVisible = 0;
			defaultConfigurationName = Release;
		};
		6663370D1BAE3D9D00A2F559 /* Build configuration list for PBXNativeTarget "sadajuraTests" */ = {
			isa = XCConfigurationList;
			buildConfigurations = (
				6663370E1BAE3D9D00A2F559 /* Debug */,
				6663370F1BAE3D9D00A2F559 /* Release */,
			);
			defaultConfigurationIsVisible = 0;
			defaultConfigurationName = Release;
		};
		666337101BAE3D9D00A2F559 /* Build configuration list for PBXNativeTarget "sadajuraUITests" */ = {
			isa = XCConfigurationList;
			buildConfigurations = (
				666337111BAE3D9D00A2F559 /* Debug */,
				666337121BAE3D9D00A2F559 /* Release */,
			);
			defaultConfigurationIsVisible = 0;
			defaultConfigurationName = Release;
		};
/* End XCConfigurationList section */
	};
	rootObject = 666336DA1BAE3D9D00A2F559 /* Project object */;
}
